{
  "name": "graphtest",
  "version": "1.0.0",
  "lockfileVersion": 3,
  "requires": true,
  "packages": {
    "": {
      "name": "graphtest",
      "version": "1.0.0",
      "license": "ISC",
      "dependencies": {
        "command-line-args": "^6.0.1",
        "typescript": "^5.8.2"
      },
      "bin": {
        "projexplore": "lib/cli.js"
      },
      "devDependencies": {
        "@types/node": "^22.13.10"
      }
    },
    "node_modules/@types/node": {
      "version": "22.13.10",
      "resolved": "https://registry.npmjs.org/@types/node/-/node-22.13.10.tgz",
      "integrity": "sha512-I6LPUvlRH+O6VRUqYOcMudhaIdUVWfsjnZavnsraHvpBwaEyMN29ry+0UVJhImYL16xsscu0aske3yA+uPOWfw==",
      "dev": true,
      "license": "MIT",
      "dependencies": {
        "undici-types": "~6.20.0"
      }
    },
    "node_modules/array-back": {
      "version": "6.2.2",
      "resolved": "https://registry.npmjs.org/array-back/-/array-back-6.2.2.tgz",
      "integrity": "sha512-gUAZ7HPyb4SJczXAMUXMGAvI976JoK3qEx9v1FTmeYuJj0IBiaKttG1ydtGKdkfqWkIkouke7nG8ufGy77+Cvw==",
      "license": "MIT",
      "engines": {
        "node": ">=12.17"
      }
    },
    "node_modules/command-line-args": {
      "version": "6.0.1",
      "resolved": "https://registry.npmjs.org/command-line-args/-/command-line-args-6.0.1.tgz",
      "integrity": "sha512-Jr3eByUjqyK0qd8W0SGFW1nZwqCaNCtbXjRo2cRJC1OYxWl3MZ5t1US3jq+cO4sPavqgw4l9BMGX0CBe+trepg==",
      "license": "MIT",
      "dependencies": {
        "array-back": "^6.2.2",
        "find-replace": "^5.0.2",
        "lodash.camelcase": "^4.3.0",
        "typical": "^7.2.0"
      },
      "engines": {
        "node": ">=12.20"
      },
      "peerDependencies": {
        "@75lb/nature": "latest"
      },
      "peerDependenciesMeta": {
        "@75lb/nature": {
          "optional": true
        }
      }
    },
    "node_modules/find-replace": {
      "version": "5.0.2",
      "resolved": "https://registry.npmjs.org/find-replace/-/find-replace-5.0.2.tgz",
      "integrity": "sha512-Y45BAiE3mz2QsrN2fb5QEtO4qb44NcS7en/0y9PEVsg351HsLeVclP8QPMH79Le9sH3rs5RSwJu99W0WPZO43Q==",
      "license": "MIT",
      "engines": {
        "node": ">=14"
      },
      "peerDependencies": {
        "@75lb/nature": "latest"
      },
      "peerDependenciesMeta": {
        "@75lb/nature": {
          "optional": true
        }
      }
    },
    "node_modules/lodash.camelcase": {
      "version": "4.3.0",
      "resolved": "https://registry.npmjs.org/lodash.camelcase/-/lodash.camelcase-4.3.0.tgz",
      "integrity": "sha512-TwuEnCnxbc3rAvhf/LbG7tJUDzhqXyFnv3dtzLOPgCG/hODL7WFnsbwktkD7yUV0RrreP/l1PALq/YSg6VvjlA==",
      "license": "MIT"
    },
    "node_modules/typescript": {
      "version": "5.8.2",
      "resolved": "https://registry.npmjs.org/typescript/-/typescript-5.8.2.tgz",
      "integrity": "sha512-aJn6wq13/afZp/jT9QZmwEjDqqvSGp1VT5GVg+f/t6/oVyrgXM6BY1h9BRh/O5p3PlUPAe+WuiEZOmb/49RqoQ==",
      "license": "Apache-2.0",
      "bin": {
        "tsc": "bin/tsc",
        "tsserver": "bin/tsserver"
      },
      "engines": {
        "node": ">=14.17"
      }
    },
    "node_modules/typical": {
      "version": "7.3.0",
      "resolved": "https://registry.npmjs.org/typical/-/typical-7.3.0.tgz",
      "integrity": "sha512-ya4mg/30vm+DOWfBg4YK3j2WD6TWtRkCbasOJr40CseYENzCUby/7rIvXA99JGsQHeNxLbnXdyLLxKSv3tauFw==",
      "license": "MIT",
      "engines": {
        "node": ">=12.17"
      }
    },
    "node_modules/undici-types": {
      "version": "6.20.0",
      "resolved": "https://registry.npmjs.org/undici-types/-/undici-types-6.20.0.tgz",
      "integrity": "sha512-Ny6QZ2Nju20vw1SRHe3d9jVu6gJ+4e3+MMpqu7pqE5HT6WsTSlce++GQmK5UXS8mzV8DSYHrQH+Xrf2jVcuKNg==",
      "dev": true,
      "license": "MIT"
    }
  }
}
